// !$*UTF8*$!
{
	archiveVersion = 1;
	classes = {
	};
	objectVersion = 50;
	objects = {

/* Begin PBXBuildFile section */
		59C5E86EAAB9424141F415B5 /* Pods_WatsonDogSNSUITests.framework in Frameworks */ = {isa = PBXBuildFile; fileRef = 3C7C65E5B0F82EDD41EB3CFF /* Pods_WatsonDogSNSUITests.framework */; };
		7BAB2EA519BB0D22D2EA1BF2 /* Pods_WatsonDogSNSTests.framework in Frameworks */ = {isa = PBXBuildFile; fileRef = EB39FF73D626C4B523157808 /* Pods_WatsonDogSNSTests.framework */; };
		820C50202281B997002B223F /* AppDelegate.swift in Sources */ = {isa = PBXBuildFile; fileRef = 820C501F2281B997002B223F /* AppDelegate.swift */; };
		820C50222281B997002B223F /* ViewController.swift in Sources */ = {isa = PBXBuildFile; fileRef = 820C50212281B997002B223F /* ViewController.swift */; };
		820C50252281B997002B223F /* Main.storyboard in Resources */ = {isa = PBXBuildFile; fileRef = 820C50232281B997002B223F /* Main.storyboard */; };
		820C50272281B999002B223F /* Assets.xcassets in Resources */ = {isa = PBXBuildFile; fileRef = 820C50262281B999002B223F /* Assets.xcassets */; };
		820C502A2281B999002B223F /* LaunchScreen.storyboard in Resources */ = {isa = PBXBuildFile; fileRef = 820C50282281B999002B223F /* LaunchScreen.storyboard */; };
		820C50352281B999002B223F /* WatsonDogSNSTests.swift in Sources */ = {isa = PBXBuildFile; fileRef = 820C50342281B999002B223F /* WatsonDogSNSTests.swift */; };
		820C50402281B999002B223F /* WatsonDogSNSUITests.swift in Sources */ = {isa = PBXBuildFile; fileRef = 820C503F2281B999002B223F /* WatsonDogSNSUITests.swift */; };
		820C50522281C804002B223F /* VisualRecognitionV3.framework in Frameworks */ = {isa = PBXBuildFile; fileRef = 820C50512281C804002B223F /* VisualRecognitionV3.framework */; };
		820C50532281C804002B223F /* VisualRecognitionV3.framework in Embed Frameworks */ = {isa = PBXBuildFile; fileRef = 820C50512281C804002B223F /* VisualRecognitionV3.framework */; settings = {ATTRIBUTES = (CodeSignOnCopy, RemoveHeadersOnCopy, ); }; };
		820C50562281C816002B223F /* SVProgressHUD.framework in Frameworks */ = {isa = PBXBuildFile; fileRef = 820C50552281C816002B223F /* SVProgressHUD.framework */; };
		820C50572281C816002B223F /* SVProgressHUD.framework in Embed Frameworks */ = {isa = PBXBuildFile; fileRef = 820C50552281C816002B223F /* SVProgressHUD.framework */; settings = {ATTRIBUTES = (CodeSignOnCopy, RemoveHeadersOnCopy, ); }; };
		820C50592281C8B1002B223F /* RestKit.framework in Frameworks */ = {isa = PBXBuildFile; fileRef = 820C50582281C8B1002B223F /* RestKit.framework */; };
		820C505A2281C8B1002B223F /* RestKit.framework in Embed Frameworks */ = {isa = PBXBuildFile; fileRef = 820C50582281C8B1002B223F /* RestKit.framework */; settings = {ATTRIBUTES = (CodeSignOnCopy, RemoveHeadersOnCopy, ); }; };
		820C505C2282453E002B223F /* TimeLineViewController.swift in Sources */ = {isa = PBXBuildFile; fileRef = 820C505B2282453E002B223F /* TimeLineViewController.swift */; };
		820C505E228297DA002B223F /* ShareViewController.swift in Sources */ = {isa = PBXBuildFile; fileRef = 820C505D228297DA002B223F /* ShareViewController.swift */; };
		820C506022829B81002B223F /* Post.swift in Sources */ = {isa = PBXBuildFile; fileRef = 820C505F22829B81002B223F /* Post.swift */; };
		820C50642282CA06002B223F /* GoogleService-Info.plist in Resources */ = {isa = PBXBuildFile; fileRef = 820C50632282CA06002B223F /* GoogleService-Info.plist */; };
		8EC12BD24678F3AF91B40042 /* Pods_WatsonDogSNS.framework in Frameworks */ = {isa = PBXBuildFile; fileRef = 32D7C62E7FE797F9DDF6AAB5 /* Pods_WatsonDogSNS.framework */; };
/* End PBXBuildFile section */

/* Begin PBXContainerItemProxy section */
		820C50312281B999002B223F /* PBXContainerItemProxy */ = {
			isa = PBXContainerItemProxy;
			containerPortal = 820C50142281B997002B223F /* Project object */;
			proxyType = 1;
			remoteGlobalIDString = 820C501B2281B997002B223F;
			remoteInfo = WatsonDogSNS;
		};
		820C503C2281B999002B223F /* PBXContainerItemProxy */ = {
			isa = PBXContainerItemProxy;
			containerPortal = 820C50142281B997002B223F /* Project object */;
			proxyType = 1;
			remoteGlobalIDString = 820C501B2281B997002B223F;
			remoteInfo = WatsonDogSNS;
		};
/* End PBXContainerItemProxy section */

/* Begin PBXCopyFilesBuildPhase section */
		820C50542281C804002B223F /* Embed Frameworks */ = {
			isa = PBXCopyFilesBuildPhase;
			buildActionMask = 2147483647;
			dstPath = "";
			dstSubfolderSpec = 10;
			files = (
				820C50572281C816002B223F /* SVProgressHUD.framework in Embed Frameworks */,
				820C50532281C804002B223F /* VisualRecognitionV3.framework in Embed Frameworks */,
				820C505A2281C8B1002B223F /* RestKit.framework in Embed Frameworks */,
			);
			name = "Embed Frameworks";
			runOnlyForDeploymentPostprocessing = 0;
		};
/* End PBXCopyFilesBuildPhase section */

/* Begin PBXFileReference section */
		32D7C62E7FE797F9DDF6AAB5 /* Pods_WatsonDogSNS.framework */ = {isa = PBXFileReference; explicitFileType = wrapper.framework; includeInIndex = 0; path = Pods_WatsonDogSNS.framework; sourceTree = BUILT_PRODUCTS_DIR; };
		3C7C65E5B0F82EDD41EB3CFF /* Pods_WatsonDogSNSUITests.framework */ = {isa = PBXFileReference; explicitFileType = wrapper.framework; includeInIndex = 0; path = Pods_WatsonDogSNSUITests.framework; sourceTree = BUILT_PRODUCTS_DIR; };
		5F22999FC87EBD7AF1EA7A83 /* Pods-WatsonDogSNSUITests.debug.xcconfig */ = {isa = PBXFileReference; includeInIndex = 1; lastKnownFileType = text.xcconfig; name = "Pods-WatsonDogSNSUITests.debug.xcconfig"; path = "Target Support Files/Pods-WatsonDogSNSUITests/Pods-WatsonDogSNSUITests.debug.xcconfig"; sourceTree = "<group>"; };
		67854C4F2B1D55C36C9A3C51 /* Pods-WatsonDogSNSTests.debug.xcconfig */ = {isa = PBXFileReference; includeInIndex = 1; lastKnownFileType = text.xcconfig; name = "Pods-WatsonDogSNSTests.debug.xcconfig"; path = "Target Support Files/Pods-WatsonDogSNSTests/Pods-WatsonDogSNSTests.debug.xcconfig"; sourceTree = "<group>"; };
		6EFD6F8F3B10F00F3808C20A /* Pods-WatsonDogSNS.debug.xcconfig */ = {isa = PBXFileReference; includeInIndex = 1; lastKnownFileType = text.xcconfig; name = "Pods-WatsonDogSNS.debug.xcconfig"; path = "Target Support Files/Pods-WatsonDogSNS/Pods-WatsonDogSNS.debug.xcconfig"; sourceTree = "<group>"; };
		820C501C2281B997002B223F /* WatsonDogSNS.app */ = {isa = PBXFileReference; explicitFileType = wrapper.application; includeInIndex = 0; path = WatsonDogSNS.app; sourceTree = BUILT_PRODUCTS_DIR; };
		820C501F2281B997002B223F /* AppDelegate.swift */ = {isa = PBXFileReference; lastKnownFileType = sourcecode.swift; path = AppDelegate.swift; sourceTree = "<group>"; };
		820C50212281B997002B223F /* ViewController.swift */ = {isa = PBXFileReference; lastKnownFileType = sourcecode.swift; path = ViewController.swift; sourceTree = "<group>"; };
		820C50242281B997002B223F /* Base */ = {isa = PBXFileReference; lastKnownFileType = file.storyboard; name = Base; path = Base.lproj/Main.storyboard; sourceTree = "<group>"; };
		820C50262281B999002B223F /* Assets.xcassets */ = {isa = PBXFileReference; lastKnownFileType = folder.assetcatalog; path = Assets.xcassets; sourceTree = "<group>"; };
		820C50292281B999002B223F /* Base */ = {isa = PBXFileReference; lastKnownFileType = file.storyboard; name = Base; path = Base.lproj/LaunchScreen.storyboard; sourceTree = "<group>"; };
		820C502B2281B999002B223F /* Info.plist */ = {isa = PBXFileReference; lastKnownFileType = text.plist.xml; path = Info.plist; sourceTree = "<group>"; };
		820C50302281B999002B223F /* WatsonDogSNSTests.xctest */ = {isa = PBXFileReference; explicitFileType = wrapper.cfbundle; includeInIndex = 0; path = WatsonDogSNSTests.xctest; sourceTree = BUILT_PRODUCTS_DIR; };
		820C50342281B999002B223F /* WatsonDogSNSTests.swift */ = {isa = PBXFileReference; lastKnownFileType = sourcecode.swift; path = WatsonDogSNSTests.swift; sourceTree = "<group>"; };
		820C50362281B999002B223F /* Info.plist */ = {isa = PBXFileReference; lastKnownFileType = text.plist.xml; path = Info.plist; sourceTree = "<group>"; };
		820C503B2281B999002B223F /* WatsonDogSNSUITests.xctest */ = {isa = PBXFileReference; explicitFileType = wrapper.cfbundle; includeInIndex = 0; path = WatsonDogSNSUITests.xctest; sourceTree = BUILT_PRODUCTS_DIR; };
		820C503F2281B999002B223F /* WatsonDogSNSUITests.swift */ = {isa = PBXFileReference; lastKnownFileType = sourcecode.swift; path = WatsonDogSNSUITests.swift; sourceTree = "<group>"; };
		820C50412281B999002B223F /* Info.plist */ = {isa = PBXFileReference; lastKnownFileType = text.plist.xml; path = Info.plist; sourceTree = "<group>"; };
		820C50512281C804002B223F /* VisualRecognitionV3.framework */ = {isa = PBXFileReference; lastKnownFileType = wrapper.framework; path = VisualRecognitionV3.framework; sourceTree = "<group>"; };
		820C50552281C816002B223F /* SVProgressHUD.framework */ = {isa = PBXFileReference; lastKnownFileType = wrapper.framework; path = SVProgressHUD.framework; sourceTree = "<group>"; };
		820C50582281C8B1002B223F /* RestKit.framework */ = {isa = PBXFileReference; lastKnownFileType = wrapper.framework; path = RestKit.framework; sourceTree = "<group>"; };
		820C505B2282453E002B223F /* TimeLineViewController.swift */ = {isa = PBXFileReference; lastKnownFileType = sourcecode.swift; path = TimeLineViewController.swift; sourceTree = "<group>"; };
		820C505D228297DA002B223F /* ShareViewController.swift */ = {isa = PBXFileReference; lastKnownFileType = sourcecode.swift; path = ShareViewController.swift; sourceTree = "<group>"; };
		820C505F22829B81002B223F /* Post.swift */ = {isa = PBXFileReference; lastKnownFileType = sourcecode.swift; path = Post.swift; sourceTree = "<group>"; };
		820C50632282CA06002B223F /* GoogleService-Info.plist */ = {isa = PBXFileReference; fileEncoding = 4; lastKnownFileType = text.plist.xml; name = "GoogleService-Info.plist"; path = "../../../Downloads/GoogleService-Info.plist"; sourceTree = "<group>"; };
		95E300CDB8C1345B0F073E08 /* Pods-WatsonDogSNSTests.release.xcconfig */ = {isa = PBXFileReference; includeInIndex = 1; lastKnownFileType = text.xcconfig; name = "Pods-WatsonDogSNSTests.release.xcconfig"; path = "Target Support Files/Pods-WatsonDogSNSTests/Pods-WatsonDogSNSTests.release.xcconfig"; sourceTree = "<group>"; };
		968E6895F187484BD74D0B17 /* Pods-WatsonDogSNS.release.xcconfig */ = {isa = PBXFileReference; includeInIndex = 1; lastKnownFileType = text.xcconfig; name = "Pods-WatsonDogSNS.release.xcconfig"; path = "Target Support Files/Pods-WatsonDogSNS/Pods-WatsonDogSNS.release.xcconfig"; sourceTree = "<group>"; };
		9AAF76113C1710046DC6CCA0 /* Pods-WatsonDogSNSUITests.release.xcconfig */ = {isa = PBXFileReference; includeInIndex = 1; lastKnownFileType = text.xcconfig; name = "Pods-WatsonDogSNSUITests.release.xcconfig"; path = "Target Support Files/Pods-WatsonDogSNSUITests/Pods-WatsonDogSNSUITests.release.xcconfig"; sourceTree = "<group>"; };
		EB39FF73D626C4B523157808 /* Pods_WatsonDogSNSTests.framework */ = {isa = PBXFileReference; explicitFileType = wrapper.framework; includeInIndex = 0; path = Pods_WatsonDogSNSTests.framework; sourceTree = BUILT_PRODUCTS_DIR; };
/* End PBXFileReference section */

/* Begin PBXFrameworksBuildPhase section */
		820C50192281B997002B223F /* Frameworks */ = {
			isa = PBXFrameworksBuildPhase;
			buildActionMask = 2147483647;
			files = (
				820C50562281C816002B223F /* SVProgressHUD.framework in Frameworks */,
				8EC12BD24678F3AF91B40042 /* Pods_WatsonDogSNS.framework in Frameworks */,
				820C50522281C804002B223F /* VisualRecognitionV3.framework in Frameworks */,
				820C50592281C8B1002B223F /* RestKit.framework in Frameworks */,
			);
			runOnlyForDeploymentPostprocessing = 0;
		};
		820C502D2281B999002B223F /* Frameworks */ = {
			isa = PBXFrameworksBuildPhase;
			buildActionMask = 2147483647;
			files = (
				7BAB2EA519BB0D22D2EA1BF2 /* Pods_WatsonDogSNSTests.framework in Frameworks */,
			);
			runOnlyForDeploymentPostprocessing = 0;
		};
		820C50382281B999002B223F /* Frameworks */ = {
			isa = PBXFrameworksBuildPhase;
			buildActionMask = 2147483647;
			files = (
				59C5E86EAAB9424141F415B5 /* Pods_WatsonDogSNSUITests.framework in Frameworks */,
			);
			runOnlyForDeploymentPostprocessing = 0;
		};
/* End PBXFrameworksBuildPhase section */

/* Begin PBXGroup section */
		3223712219D2D918C0BA4131 /* Pods */ = {
			isa = PBXGroup;
			children = (
				6EFD6F8F3B10F00F3808C20A /* Pods-WatsonDogSNS.debug.xcconfig */,
				968E6895F187484BD74D0B17 /* Pods-WatsonDogSNS.release.xcconfig */,
				67854C4F2B1D55C36C9A3C51 /* Pods-WatsonDogSNSTests.debug.xcconfig */,
				95E300CDB8C1345B0F073E08 /* Pods-WatsonDogSNSTests.release.xcconfig */,
				5F22999FC87EBD7AF1EA7A83 /* Pods-WatsonDogSNSUITests.debug.xcconfig */,
				9AAF76113C1710046DC6CCA0 /* Pods-WatsonDogSNSUITests.release.xcconfig */,
			);
			path = Pods;
			sourceTree = "<group>";
		};
		820C50132281B997002B223F = {
			isa = PBXGroup;
			children = (
				820C50582281C8B1002B223F /* RestKit.framework */,
				820C50552281C816002B223F /* SVProgressHUD.framework */,
				820C50512281C804002B223F /* VisualRecognitionV3.framework */,
				820C501E2281B997002B223F /* WatsonDogSNS */,
				820C50332281B999002B223F /* WatsonDogSNSTests */,
				820C503E2281B999002B223F /* WatsonDogSNSUITests */,
				820C501D2281B997002B223F /* Products */,
				3223712219D2D918C0BA4131 /* Pods */,
				D700B39DCF928485AFCEEBF5 /* Frameworks */,
			);
			sourceTree = "<group>";
		};
		820C501D2281B997002B223F /* Products */ = {
			isa = PBXGroup;
			children = (
				820C501C2281B997002B223F /* WatsonDogSNS.app */,
				820C50302281B999002B223F /* WatsonDogSNSTests.xctest */,
				820C503B2281B999002B223F /* WatsonDogSNSUITests.xctest */,
			);
			name = Products;
			sourceTree = "<group>";
		};
		820C501E2281B997002B223F /* WatsonDogSNS */ = {
			isa = PBXGroup;
			children = (
				820C501F2281B997002B223F /* AppDelegate.swift */,
				820C50212281B997002B223F /* ViewController.swift */,
				820C505B2282453E002B223F /* TimeLineViewController.swift */,
				820C505D228297DA002B223F /* ShareViewController.swift */,
				820C505F22829B81002B223F /* Post.swift */,
				820C50232281B997002B223F /* Main.storyboard */,
				820C50262281B999002B223F /* Assets.xcassets */,
				820C50282281B999002B223F /* LaunchScreen.storyboard */,
				820C502B2281B999002B223F /* Info.plist */,
				820C50632282CA06002B223F /* GoogleService-Info.plist */,
			);
			path = WatsonDogSNS;
			sourceTree = "<group>";
		};
		820C50332281B999002B223F /* WatsonDogSNSTests */ = {
			isa = PBXGroup;
			children = (
				820C50342281B999002B223F /* WatsonDogSNSTests.swift */,
				820C50362281B999002B223F /* Info.plist */,
			);
			path = WatsonDogSNSTests;
			sourceTree = "<group>";
		};
		820C503E2281B999002B223F /* WatsonDogSNSUITests */ = {
			isa = PBXGroup;
			children = (
				820C503F2281B999002B223F /* WatsonDogSNSUITests.swift */,
				820C50412281B999002B223F /* Info.plist */,
			);
			path = WatsonDogSNSUITests;
			sourceTree = "<group>";
		};
		D700B39DCF928485AFCEEBF5 /* Frameworks */ = {
			isa = PBXGroup;
			children = (
				32D7C62E7FE797F9DDF6AAB5 /* Pods_WatsonDogSNS.framework */,
				EB39FF73D626C4B523157808 /* Pods_WatsonDogSNSTests.framework */,
				3C7C65E5B0F82EDD41EB3CFF /* Pods_WatsonDogSNSUITests.framework */,
			);
			name = Frameworks;
			sourceTree = "<group>";
		};
/* End PBXGroup section */

/* Begin PBXNativeTarget section */
		820C501B2281B997002B223F /* WatsonDogSNS */ = {
			isa = PBXNativeTarget;
			buildConfigurationList = 820C50442281B999002B223F /* Build configuration list for PBXNativeTarget "WatsonDogSNS" */;
			buildPhases = (
				37B56D2B39F2A6BA82CE908A /* [CP] Check Pods Manifest.lock */,
				820C50182281B997002B223F /* Sources */,
				820C50192281B997002B223F /* Frameworks */,
				820C501A2281B997002B223F /* Resources */,
				FFF8A10AB4989316CF113052 /* [CP] Embed Pods Frameworks */,
				820C50542281C804002B223F /* Embed Frameworks */,
			);
			buildRules = (
			);
			dependencies = (
			);
			name = WatsonDogSNS;
			productName = WatsonDogSNS;
			productReference = 820C501C2281B997002B223F /* WatsonDogSNS.app */;
			productType = "com.apple.product-type.application";
		};
		820C502F2281B999002B223F /* WatsonDogSNSTests */ = {
			isa = PBXNativeTarget;
			buildConfigurationList = 820C50472281B999002B223F /* Build configuration list for PBXNativeTarget "WatsonDogSNSTests" */;
			buildPhases = (
				5FFE470BCFA0463998A08231 /* [CP] Check Pods Manifest.lock */,
				820C502C2281B999002B223F /* Sources */,
				820C502D2281B999002B223F /* Frameworks */,
				820C502E2281B999002B223F /* Resources */,
			);
			buildRules = (
			);
			dependencies = (
				820C50322281B999002B223F /* PBXTargetDependency */,
			);
			name = WatsonDogSNSTests;
			productName = WatsonDogSNSTests;
			productReference = 820C50302281B999002B223F /* WatsonDogSNSTests.xctest */;
			productType = "com.apple.product-type.bundle.unit-test";
		};
		820C503A2281B999002B223F /* WatsonDogSNSUITests */ = {
			isa = PBXNativeTarget;
			buildConfigurationList = 820C504A2281B999002B223F /* Build configuration list for PBXNativeTarget "WatsonDogSNSUITests" */;
			buildPhases = (
				6BF088539267EB98D2A6D1D8 /* [CP] Check Pods Manifest.lock */,
				820C50372281B999002B223F /* Sources */,
				820C50382281B999002B223F /* Frameworks */,
				820C50392281B999002B223F /* Resources */,
			);
			buildRules = (
			);
			dependencies = (
				820C503D2281B999002B223F /* PBXTargetDependency */,
			);
			name = WatsonDogSNSUITests;
			productName = WatsonDogSNSUITests;
			productReference = 820C503B2281B999002B223F /* WatsonDogSNSUITests.xctest */;
			productType = "com.apple.product-type.bundle.ui-testing";
		};
/* End PBXNativeTarget section */

/* Begin PBXProject section */
		820C50142281B997002B223F /* Project object */ = {
			isa = PBXProject;
			attributes = {
				LastSwiftUpdateCheck = 1020;
				LastUpgradeCheck = 1020;
				ORGANIZATIONNAME = "Kiyoto Ryuman";
				TargetAttributes = {
					820C501B2281B997002B223F = {
						CreatedOnToolsVersion = 10.2.1;
					};
					820C502F2281B999002B223F = {
						CreatedOnToolsVersion = 10.2.1;
						TestTargetID = 820C501B2281B997002B223F;
					};
					820C503A2281B999002B223F = {
						CreatedOnToolsVersion = 10.2.1;
						TestTargetID = 820C501B2281B997002B223F;
					};
				};
			};
			buildConfigurationList = 820C50172281B997002B223F /* Build configuration list for PBXProject "WatsonDogSNS" */;
			compatibilityVersion = "Xcode 9.3";
			developmentRegion = en;
			hasScannedForEncodings = 0;
			knownRegions = (
				en,
				Base,
			);
			mainGroup = 820C50132281B997002B223F;
			productRefGroup = 820C501D2281B997002B223F /* Products */;
			projectDirPath = "";
			projectRoot = "";
			targets = (
				820C501B2281B997002B223F /* WatsonDogSNS */,
				820C502F2281B999002B223F /* WatsonDogSNSTests */,
				820C503A2281B999002B223F /* WatsonDogSNSUITests */,
			);
		};
/* End PBXProject section */

/* Begin PBXResourcesBuildPhase section */
		820C501A2281B997002B223F /* Resources */ = {
			isa = PBXResourcesBuildPhase;
			buildActionMask = 2147483647;
			files = (
				820C502A2281B999002B223F /* LaunchScreen.storyboard in Resources */,
				820C50272281B999002B223F /* Assets.xcassets in Resources */,
				820C50252281B997002B223F /* Main.storyboard in Resources */,
				820C50642282CA06002B223F /* GoogleService-Info.plist in Resources */,
			);
			runOnlyForDeploymentPostprocessing = 0;
		};
		820C502E2281B999002B223F /* Resources */ = {
			isa = PBXResourcesBuildPhase;
			buildActionMask = 2147483647;
			files = (
			);
			runOnlyForDeploymentPostprocessing = 0;
		};
		820C50392281B999002B223F /* Resources */ = {
			isa = PBXResourcesBuildPhase;
			buildActionMask = 2147483647;
			files = (
			);
			runOnlyForDeploymentPostprocessing = 0;
		};
/* End PBXResourcesBuildPhase section */

/* Begin PBXShellScriptBuildPhase section */
		37B56D2B39F2A6BA82CE908A /* [CP] Check Pods Manifest.lock */ = {
			isa = PBXShellScriptBuildPhase;
			buildActionMask = 2147483647;
			files = (
			);
			inputFileListPaths = (
			);
			inputPaths = (
				"${PODS_PODFILE_DIR_PATH}/Podfile.lock",
				"${PODS_ROOT}/Manifest.lock",
			);
			name = "[CP] Check Pods Manifest.lock";
			outputFileListPaths = (
			);
			outputPaths = (
				"$(DERIVED_FILE_DIR)/Pods-WatsonDogSNS-checkManifestLockResult.txt",
			);
			runOnlyForDeploymentPostprocessing = 0;
			shellPath = /bin/sh;
			shellScript = "diff \"${PODS_PODFILE_DIR_PATH}/Podfile.lock\" \"${PODS_ROOT}/Manifest.lock\" > /dev/null\nif [ $? != 0 ] ; then\n    # print error to STDERR\n    echo \"error: The sandbox is not in sync with the Podfile.lock. Run 'pod install' or update your CocoaPods installation.\" >&2\n    exit 1\nfi\n# This output is used by Xcode 'outputs' to avoid re-running this script phase.\necho \"SUCCESS\" > \"${SCRIPT_OUTPUT_FILE_0}\"\n";
			showEnvVarsInLog = 0;
		};
		5FFE470BCFA0463998A08231 /* [CP] Check Pods Manifest.lock */ = {
			isa = PBXShellScriptBuildPhase;
			buildActionMask = 2147483647;
			files = (
			);
			inputFileListPaths = (
			);
			inputPaths = (
				"${PODS_PODFILE_DIR_PATH}/Podfile.lock",
				"${PODS_ROOT}/Manifest.lock",
			);
			name = "[CP] Check Pods Manifest.lock";
			outputFileListPaths = (
			);
			outputPaths = (
				"$(DERIVED_FILE_DIR)/Pods-WatsonDogSNSTests-checkManifestLockResult.txt",
			);
			runOnlyForDeploymentPostprocessing = 0;
			shellPath = /bin/sh;
			shellScript = "diff \"${PODS_PODFILE_DIR_PATH}/Podfile.lock\" \"${PODS_ROOT}/Manifest.lock\" > /dev/null\nif [ $? != 0 ] ; then\n    # print error to STDERR\n    echo \"error: The sandbox is not in sync with the Podfile.lock. Run 'pod install' or update your CocoaPods installation.\" >&2\n    exit 1\nfi\n# This output is used by Xcode 'outputs' to avoid re-running this script phase.\necho \"SUCCESS\" > \"${SCRIPT_OUTPUT_FILE_0}\"\n";
			showEnvVarsInLog = 0;
		};
		6BF088539267EB98D2A6D1D8 /* [CP] Check Pods Manifest.lock */ = {
			isa = PBXShellScriptBuildPhase;
			buildActionMask = 2147483647;
			files = (
			);
			inputFileListPaths = (
			);
			inputPaths = (
				"${PODS_PODFILE_DIR_PATH}/Podfile.lock",
				"${PODS_ROOT}/Manifest.lock",
			);
			name = "[CP] Check Pods Manifest.lock";
			outputFileListPaths = (
			);
			outputPaths = (
				"$(DERIVED_FILE_DIR)/Pods-WatsonDogSNSUITests-checkManifestLockResult.txt",
			);
			runOnlyForDeploymentPostprocessing = 0;
			shellPath = /bin/sh;
			shellScript = "diff \"${PODS_PODFILE_DIR_PATH}/Podfile.lock\" \"${PODS_ROOT}/Manifest.lock\" > /dev/null\nif [ $? != 0 ] ; then\n    # print error to STDERR\n    echo \"error: The sandbox is not in sync with the Podfile.lock. Run 'pod install' or update your CocoaPods installation.\" >&2\n    exit 1\nfi\n# This output is used by Xcode 'outputs' to avoid re-running this script phase.\necho \"SUCCESS\" > \"${SCRIPT_OUTPUT_FILE_0}\"\n";
			showEnvVarsInLog = 0;
		};
		FFF8A10AB4989316CF113052 /* [CP] Embed Pods Frameworks */ = {
			isa = PBXShellScriptBuildPhase;
			buildActionMask = 2147483647;
			files = (
			);
			inputFileListPaths = (
			);
			inputPaths = (
				"${PODS_ROOT}/Target Support Files/Pods-WatsonDogSNS/Pods-WatsonDogSNS-frameworks.sh",
				"${BUILT_PRODUCTS_DIR}/BoringSSL-GRPC/openssl_grpc.framework",
				"${BUILT_PRODUCTS_DIR}/EMAlertController/EMAlertController.framework",
				"${BUILT_PRODUCTS_DIR}/GTMSessionFetcher/GTMSessionFetcher.framework",
				"${BUILT_PRODUCTS_DIR}/GoogleUtilities/GoogleUtilities.framework",
				"${BUILT_PRODUCTS_DIR}/Protobuf/Protobuf.framework",
				"${BUILT_PRODUCTS_DIR}/SDWebImage/SDWebImage.framework",
				"${BUILT_PRODUCTS_DIR}/gRPC-C++/grpcpp.framework",
				"${BUILT_PRODUCTS_DIR}/gRPC-Core/grpc.framework",
				"${BUILT_PRODUCTS_DIR}/leveldb-library/leveldb.framework",
				"${BUILT_PRODUCTS_DIR}/libwebp/libwebp.framework",
				"${BUILT_PRODUCTS_DIR}/nanopb/nanopb.framework",
			);
			name = "[CP] Embed Pods Frameworks";
			outputFileListPaths = (
			);
			outputPaths = (
				"${TARGET_BUILD_DIR}/${FRAMEWORKS_FOLDER_PATH}/openssl_grpc.framework",
				"${TARGET_BUILD_DIR}/${FRAMEWORKS_FOLDER_PATH}/EMAlertController.framework",
				"${TARGET_BUILD_DIR}/${FRAMEWORKS_FOLDER_PATH}/GTMSessionFetcher.framework",
				"${TARGET_BUILD_DIR}/${FRAMEWORKS_FOLDER_PATH}/GoogleUtilities.framework",
				"${TARGET_BUILD_DIR}/${FRAMEWORKS_FOLDER_PATH}/Protobuf.framework",
				"${TARGET_BUILD_DIR}/${FRAMEWORKS_FOLDER_PATH}/SDWebImage.framework",
				"${TARGET_BUILD_DIR}/${FRAMEWORKS_FOLDER_PATH}/grpcpp.framework",
				"${TARGET_BUILD_DIR}/${FRAMEWORKS_FOLDER_PATH}/grpc.framework",
				"${TARGET_BUILD_DIR}/${FRAMEWORKS_FOLDER_PATH}/leveldb.framework",
				"${TARGET_BUILD_DIR}/${FRAMEWORKS_FOLDER_PATH}/libwebp.framework",
				"${TARGET_BUILD_DIR}/${FRAMEWORKS_FOLDER_PATH}/nanopb.framework",
			);
			runOnlyForDeploymentPostprocessing = 0;
			shellPath = /bin/sh;
			shellScript = "\"${PODS_ROOT}/Target Support Files/Pods-WatsonDogSNS/Pods-WatsonDogSNS-frameworks.sh\"\n";
			showEnvVarsInLog = 0;
		};
/* End PBXShellScriptBuildPhase section */

/* Begin PBXSourcesBuildPhase section */
		820C50182281B997002B223F /* Sources */ = {
			isa = PBXSourcesBuildPhase;
			buildActionMask = 2147483647;
			files = (
				820C50222281B997002B223F /* ViewController.swift in Sources */,
				820C50202281B997002B223F /* AppDelegate.swift in Sources */,
				820C505E228297DA002B223F /* ShareViewController.swift in Sources */,
				820C505C2282453E002B223F /* TimeLineViewController.swift in Sources */,
				820C506022829B81002B223F /* Post.swift in Sources */,
			);
			runOnlyForDeploymentPostprocessing = 0;
		};
		820C502C2281B999002B223F /* Sources */ = {
			isa = PBXSourcesBuildPhase;
			buildActionMask = 2147483647;
			files = (
				820C50352281B999002B223F /* WatsonDogSNSTests.swift in Sources */,
			);
			runOnlyForDeploymentPostprocessing = 0;
		};
		820C50372281B999002B223F /* Sources */ = {
			isa = PBXSourcesBuildPhase;
			buildActionMask = 2147483647;
			files = (
				820C50402281B999002B223F /* WatsonDogSNSUITests.swift in Sources */,
			);
			runOnlyForDeploymentPostprocessing = 0;
		};
/* End PBXSourcesBuildPhase section */

/* Begin PBXTargetDependency section */
		820C50322281B999002B223F /* PBXTargetDependency */ = {
			isa = PBXTargetDependency;
			target = 820C501B2281B997002B223F /* WatsonDogSNS */;
			targetProxy = 820C50312281B999002B223F /* PBXContainerItemProxy */;
		};
		820C503D2281B999002B223F /* PBXTargetDependency */ = {
			isa = PBXTargetDependency;
			target = 820C501B2281B997002B223F /* WatsonDogSNS */;
			targetProxy = 820C503C2281B999002B223F /* PBXContainerItemProxy */;
		};
/* End PBXTargetDependency section */

/* Begin PBXVariantGroup section */
		820C50232281B997002B223F /* Main.storyboard */ = {
			isa = PBXVariantGroup;
			children = (
				820C50242281B997002B223F /* Base */,
			);
			name = Main.storyboard;
			sourceTree = "<group>";
		};
		820C50282281B999002B223F /* LaunchScreen.storyboard */ = {
			isa = PBXVariantGroup;
			children = (
				820C50292281B999002B223F /* Base */,
			);
			name = LaunchScreen.storyboard;
			sourceTree = "<group>";
		};
/* End PBXVariantGroup section */

/* Begin XCBuildConfiguration section */
		820C50422281B999002B223F /* Debug */ = {
			isa = XCBuildConfiguration;
			buildSettings = {
				ALWAYS_SEARCH_USER_PATHS = NO;
				CLANG_ANALYZER_NONNULL = YES;
				CLANG_ANALYZER_NUMBER_OBJECT_CONVERSION = YES_AGGRESSIVE;
				CLANG_CXX_LANGUAGE_STANDARD = "gnu++14";
				CLANG_CXX_LIBRARY = "libc++";
				CLANG_ENABLE_MODULES = YES;
				CLANG_ENABLE_OBJC_ARC = YES;
				CLANG_ENABLE_OBJC_WEAK = YES;
				CLANG_WARN_BLOCK_CAPTURE_AUTORELEASING = YES;
				CLANG_WARN_BOOL_CONVERSION = YES;
				CLANG_WARN_COMMA = YES;
				CLANG_WARN_CONSTANT_CONVERSION = YES;
				CLANG_WARN_DEPRECATED_OBJC_IMPLEMENTATIONS = YES;
				CLANG_WARN_DIRECT_OBJC_ISA_USAGE = YES_ERROR;
				CLANG_WARN_DOCUMENTATION_COMMENTS = YES;
				CLANG_WARN_EMPTY_BODY = YES;
				CLANG_WARN_ENUM_CONVERSION = YES;
				CLANG_WARN_INFINITE_RECURSION = YES;
				CLANG_WARN_INT_CONVERSION = YES;
				CLANG_WARN_NON_LITERAL_NULL_CONVERSION = YES;
				CLANG_WARN_OBJC_IMPLICIT_RETAIN_SELF = YES;
				CLANG_WARN_OBJC_LITERAL_CONVERSION = YES;
				CLANG_WARN_OBJC_ROOT_CLASS = YES_ERROR;
				CLANG_WARN_RANGE_LOOP_ANALYSIS = YES;
				CLANG_WARN_STRICT_PROTOTYPES = YES;
				CLANG_WARN_SUSPICIOUS_MOVE = YES;
				CLANG_WARN_UNGUARDED_AVAILABILITY = YES_AGGRESSIVE;
				CLANG_WARN_UNREACHABLE_CODE = YES;
				CLANG_WARN__DUPLICATE_METHOD_MATCH = YES;
				CODE_SIGN_IDENTITY = "iPhone Developer";
				COPY_PHASE_STRIP = NO;
				DEBUG_INFORMATION_FORMAT = dwarf;
				ENABLE_STRICT_OBJC_MSGSEND = YES;
				ENABLE_TESTABILITY = YES;
				GCC_C_LANGUAGE_STANDARD = gnu11;
				GCC_DYNAMIC_NO_PIC = NO;
				GCC_NO_COMMON_BLOCKS = YES;
				GCC_OPTIMIZATION_LEVEL = 0;
				GCC_PREPROCESSOR_DEFINITIONS = (
					"DEBUG=1",
					"$(inherited)",
				);
				GCC_WARN_64_TO_32_BIT_CONVERSION = YES;
				GCC_WARN_ABOUT_RETURN_TYPE = YES_ERROR;
				GCC_WARN_UNDECLARED_SELECTOR = YES;
				GCC_WARN_UNINITIALIZED_AUTOS = YES_AGGRESSIVE;
				GCC_WARN_UNUSED_FUNCTION = YES;
				GCC_WARN_UNUSED_VARIABLE = YES;
				IPHONEOS_DEPLOYMENT_TARGET = 12.2;
				MTL_ENABLE_DEBUG_INFO = INCLUDE_SOURCE;
				MTL_FAST_MATH = YES;
				ONLY_ACTIVE_ARCH = YES;
				SDKROOT = iphoneos;
				SWIFT_ACTIVE_COMPILATION_CONDITIONS = DEBUG;
				SWIFT_OPTIMIZATION_LEVEL = "-Onone";
			};
			name = Debug;
		};
		820C50432281B999002B223F /* Release */ = {
			isa = XCBuildConfiguration;
			buildSettings = {
				ALWAYS_SEARCH_USER_PATHS = NO;
				CLANG_ANALYZER_NONNULL = YES;
				CLANG_ANALYZER_NUMBER_OBJECT_CONVERSION = YES_AGGRESSIVE;
				CLANG_CXX_LANGUAGE_STANDARD = "gnu++14";
				CLANG_CXX_LIBRARY = "libc++";
				CLANG_ENABLE_MODULES = YES;
				CLANG_ENABLE_OBJC_ARC = YES;
				CLANG_ENABLE_OBJC_WEAK = YES;
				CLANG_WARN_BLOCK_CAPTURE_AUTORELEASING = YES;
				CLANG_WARN_BOOL_CONVERSION = YES;
				CLANG_WARN_COMMA = YES;
				CLANG_WARN_CONSTANT_CONVERSION = YES;
				CLANG_WARN_DEPRECATED_OBJC_IMPLEMENTATIONS = YES;
				CLANG_WARN_DIRECT_OBJC_ISA_USAGE = YES_ERROR;
				CLANG_WARN_DOCUMENTATION_COMMENTS = YES;
				CLANG_WARN_EMPTY_BODY = YES;
				CLANG_WARN_ENUM_CONVERSION = YES;
				CLANG_WARN_INFINITE_RECURSION = YES;
				CLANG_WARN_INT_CONVERSION = YES;
				CLANG_WARN_NON_LITERAL_NULL_CONVERSION = YES;
				CLANG_WARN_OBJC_IMPLICIT_RETAIN_SELF = YES;
				CLANG_WARN_OBJC_LITERAL_CONVERSION = YES;
				CLANG_WARN_OBJC_ROOT_CLASS = YES_ERROR;
				CLANG_WARN_RANGE_LOOP_ANALYSIS = YES;
				CLANG_WARN_STRICT_PROTOTYPES = YES;
				CLANG_WARN_SUSPICIOUS_MOVE = YES;
				CLANG_WARN_UNGUARDED_AVAILABILITY = YES_AGGRESSIVE;
				CLANG_WARN_UNREACHABLE_CODE = YES;
				CLANG_WARN__DUPLICATE_METHOD_MATCH = YES;
				CODE_SIGN_IDENTITY = "iPhone Developer";
				COPY_PHASE_STRIP = NO;
				DEBUG_INFORMATION_FORMAT = "dwarf-with-dsym";
				ENABLE_NS_ASSERTIONS = NO;
				ENABLE_STRICT_OBJC_MSGSEND = YES;
				GCC_C_LANGUAGE_STANDARD = gnu11;
				GCC_NO_COMMON_BLOCKS = YES;
				GCC_WARN_64_TO_32_BIT_CONVERSION = YES;
				GCC_WARN_ABOUT_RETURN_TYPE = YES_ERROR;
				GCC_WARN_UNDECLARED_SELECTOR = YES;
				GCC_WARN_UNINITIALIZED_AUTOS = YES_AGGRESSIVE;
				GCC_WARN_UNUSED_FUNCTION = YES;
				GCC_WARN_UNUSED_VARIABLE = YES;
				IPHONEOS_DEPLOYMENT_TARGET = 12.2;
				MTL_ENABLE_DEBUG_INFO = NO;
				MTL_FAST_MATH = YES;
				SDKROOT = iphoneos;
				SWIFT_COMPILATION_MODE = wholemodule;
				SWIFT_OPTIMIZATION_LEVEL = "-O";
				VALIDATE_PRODUCT = YES;
			};
			name = Release;
		};
		820C50452281B999002B223F /* Debug */ = {
			isa = XCBuildConfiguration;
			baseConfigurationReference = 6EFD6F8F3B10F00F3808C20A /* Pods-WatsonDogSNS.debug.xcconfig */;
			buildSettings = {
				ASSETCATALOG_COMPILER_APPICON_NAME = AppIcon;
				CODE_SIGN_STYLE = Automatic;
				DEVELOPMENT_TEAM = KH2UHCDNT4;
				FRAMEWORK_SEARCH_PATHS = (
					"$(inherited)",
					"$(PROJECT_DIR)",
				);
				INFOPLIST_FILE = WatsonDogSNS/Info.plist;
				LD_RUNPATH_SEARCH_PATHS = (
					"$(inherited)",
					"@executable_path/Frameworks",
				);
				PRODUCT_BUNDLE_IDENTIFIER = KiyotoRyuman.WatsonDogSNS;
				PRODUCT_NAME = "$(TARGET_NAME)";
				SWIFT_VERSION = 5.0;
				TARGETED_DEVICE_FAMILY = "1,2";
			};
			name = Debug;
		};
		820C50462281B999002B223F /* Release */ = {
			isa = XCBuildConfiguration;
			baseConfigurationReference = 968E6895F187484BD74D0B17 /* Pods-WatsonDogSNS.release.xcconfig */;
			buildSettings = {
				ASSETCATALOG_COMPILER_APPICON_NAME = AppIcon;
				CODE_SIGN_STYLE = Automatic;
				DEVELOPMENT_TEAM = KH2UHCDNT4;
				FRAMEWORK_SEARCH_PATHS = (
					"$(inherited)",
					"$(PROJECT_DIR)",
				);
				INFOPLIST_FILE = WatsonDogSNS/Info.plist;
				LD_RUNPATH_SEARCH_PATHS = (
					"$(inherited)",
					"@executable_path/Frameworks",
				);
				PRODUCT_BUNDLE_IDENTIFIER = KiyotoRyuman.WatsonDogSNS;
				PRODUCT_NAME = "$(TARGET_NAME)";
				SWIFT_VERSION = 5.0;
				TARGETED_DEVICE_FAMILY = "1,2";
			};
			name = Release;
		};
		820C50482281B999002B223F /* Debug */ = {
			isa = XCBuildConfiguration;
			baseConfigurationReference = 67854C4F2B1D55C36C9A3C51 /* Pods-WatsonDogSNSTests.debug.xcconfig */;
			buildSettings = {
				ALWAYS_EMBED_SWIFT_STANDARD_LIBRARIES = YES;
				BUNDLE_LOADER = "$(TEST_HOST)";
				CODE_SIGN_STYLE = Automatic;
				DEVELOPMENT_TEAM = KH2UHCDNT4;
				INFOPLIST_FILE = WatsonDogSNSTests/Info.plist;
				LD_RUNPATH_SEARCH_PATHS = (
					"$(inherited)",
					"@executable_path/Frameworks",
					"@loader_path/Frameworks",
				);
				PRODUCT_BUNDLE_IDENTIFIER = KiyotoRyuman.WatsonDogSNSTests;
				PRODUCT_NAME = "$(TARGET_NAME)";
				SWIFT_VERSION = 5.0;
				TARGETED_DEVICE_FAMILY = "1,2";
				TEST_HOST = "$(BUILT_PRODUCTS_DIR)/WatsonDogSNS.app/WatsonDogSNS";
			};
			name = Debug;
		};
		820C50492281B999002B223F /* Release */ = {
			isa = XCBuildConfiguration;
			baseConfigurationReference = 95E300CDB8C1345B0F073E08 /* Pods-WatsonDogSNSTests.release.xcconfig */;
			buildSettings = {
				ALWAYS_EMBED_SWIFT_STANDARD_LIBRARIES = YES;
				BUNDLE_LOADER = "$(TEST_HOST)";
				CODE_SIGN_STYLE = Automatic;
				DEVELOPMENT_TEAM = KH2UHCDNT4;
				INFOPLIST_FILE = WatsonDogSNSTests/Info.plist;
				LD_RUNPATH_SEARCH_PATHS = (
					"$(inherited)",
					"@executable_path/Frameworks",
					"@loader_path/Frameworks",
				);
				PRODUCT_BUNDLE_IDENTIFIER = KiyotoRyuman.WatsonDogSNSTests;
				PRODUCT_NAME = "$(TARGET_NAME)";
				SWIFT_VERSION = 5.0;
				TARGETED_DEVICE_FAMILY = "1,2";
				TEST_HOST = "$(BUILT_PRODUCTS_DIR)/WatsonDogSNS.app/WatsonDogSNS";
			};
			name = Release;
		};
		820C504B2281B999002B223F /* Debug */ = {
			isa = XCBuildConfiguration;
			baseConfigurationReference = 5F22999FC87EBD7AF1EA7A83 /* Pods-WatsonDogSNSUITests.debug.xcconfig */;
			buildSettings = {
				ALWAYS_EMBED_SWIFT_STANDARD_LIBRARIES = YES;
				CODE_SIGN_STYLE = Automatic;
				DEVELOPMENT_TEAM = KH2UHCDNT4;
				INFOPLIST_FILE = WatsonDogSNSUITests/Info.plist;
				LD_RUNPATH_SEARCH_PATHS = (
					"$(inherited)",
					"@executable_path/Frameworks",
					"@loader_path/Frameworks",
				);
				PRODUCT_BUNDLE_IDENTIFIER = KiyotoRyuman.WatsonDogSNSUITests;
				PRODUCT_NAME = "$(TARGET_NAME)";
				SWIFT_VERSION = 5.0;
				TARGETED_DEVICE_FAMILY = "1,2";
				TEST_TARGET_NAME = WatsonDogSNS;
			};
			name = Debug;
		};
		820C504C2281B999002B223F /* Release */ = {
			isa = XCBuildConfiguration;
			baseConfigurationReference = 9AAF76113C1710046DC6CCA0 /* Pods-WatsonDogSNSUITests.release.xcconfig */;
			buildSettings = {
				ALWAYS_EMBED_SWIFT_STANDARD_LIBRARIES = YES;
				CODE_SIGN_STYLE = Automatic;
				DEVELOPMENT_TEAM = KH2UHCDNT4;
				INFOPLIST_FILE = WatsonDogSNSUITests/Info.plist;
				LD_RUNPATH_SEARCH_PATHS = (
					"$(inherited)",
					"@executable_path/Frameworks",
					"@loader_path/Frameworks",
				);
				PRODUCT_BUNDLE_IDENTIFIER = KiyotoRyuman.WatsonDogSNSUITests;
				PRODUCT_NAME = "$(TARGET_NAME)";
				SWIFT_VERSION = 5.0;
				TARGETED_DEVICE_FAMILY = "1,2";
				TEST_TARGET_NAME = WatsonDogSNS;
			};
			name = Release;
		};
/* End XCBuildConfiguration section */

/* Begin XCConfigurationList section */
		820C50172281B997002B223F /* Build configuration list for PBXProject "WatsonDogSNS" */ = {
			isa = XCConfigurationList;
			buildConfigurations = (
				820C50422281B999002B223F /* Debug */,
				820C50432281B999002B223F /* Release */,
			);
			defaultConfigurationIsVisible = 0;
			defaultConfigurationName = Release;
		};
		820C50442281B999002B223F /* Build configuration list for PBXNativeTarget "WatsonDogSNS" */ = {
			isa = XCConfigurationList;
			buildConfigurations = (
				820C50452281B999002B223F /* Debug */,
				820C50462281B999002B223F /* Release */,
			);
			defaultConfigurationIsVisible = 0;
			defaultConfigurationName = Release;
		};
		820C50472281B999002B223F /* Build configuration list for PBXNativeTarget "WatsonDogSNSTests" */ = {
			isa = XCConfigurationList;
			buildConfigurations = (
				820C50482281B999002B223F /* Debug */,
				820C50492281B999002B223F /* Release */,
			);
			defaultConfigurationIsVisible = 0;
			defaultConfigurationName = Release;
		};
		820C504A2281B999002B223F /* Build configuration list for PBXNativeTarget "WatsonDogSNSUITests" */ = {
			isa = XCConfigurationList;
			buildConfigurations = (
				820C504B2281B999002B223F /* Debug */,
				820C504C2281B999002B223F /* Release */,
			);
			defaultConfigurationIsVisible = 0;
			defaultConfigurationName = Release;
		};
/* End XCConfigurationList section */
	};
	rootObject = 820C50142281B997002B223F /* Project object */;
}
